
Microsoft Visual Studio Solution File, Format Version 12.00
# Visual Studio Version 17
VisualStudioVersion = 17.2.32630.192
MinimumVisualStudioVersion = 10.0.40219.1
Project("{FAE04EC0-301F-11D3-BF4B-00C04F79EFBC}") = "xUnitTutorial", "xUnitTutorial.csproj", "{11DCAA50-D87B-4F2D-8D4E-0D9427887B42}"
EndProject
Global
	GlobalSection(SolutionConfigurationPlatforms) = preSolution
		Debug|Any CPU = Debug|Any CPU
		Release|Any CPU = Release|Any CPU
	EndGlobalSection
	GlobalSection(ProjectConfigurationPlatforms) = postSolution
		{11DCAA50-D87B-4F2D-8D4E-0D9427887B42}.Debug|Any CPU.ActiveCfg = Debug|Any CPU
		{11DCAA50-D87B-4F2D-8D4E-0D9427887B42}.Debug|Any CPU.Build.0 = Debug|Any CPU
		{11DCAA50-D87B-4F2D-8D4E-0D9427887B42}.Release|Any CPU.ActiveCfg = Release|Any CPU
		{11DCAA50-D87B-4F2D-8D4E-0D9427887B42}.Release|Any CPU.Build.0 = Release|Any CPU
	EndGlobalSection
	GlobalSection(SolutionProperties) = preSolution
		HideSolutionNode = FALSE
	EndGlobalSection
	GlobalSection(ExtensibilityGlobals) = postSolution
		SolutionGuid = {94F02FF4-D101-40F2-9BBD-85FA3A5E1AE5}
	EndGlobalSection
EndGlobal
